// !$*UTF8*$!
{
	archiveVersion = 1;
	classes = {
	};
	objectVersion = 46;
	objects = {

/* Begin PBXBuildFile section */
		2567B85617BEDC6000C09C51 /* INAppStoreWindow.m in Sources */ = {isa = PBXBuildFile; fileRef = 2567B85517BEDC6000C09C51 /* INAppStoreWindow.m */; };
		2567B85917BEDCBB00C09C51 /* INWindowButton.m in Sources */ = {isa = PBXBuildFile; fileRef = 2567B85817BEDCBB00C09C51 /* INWindowButton.m */; };
		2567B85B17BFAE4A00C09C51 /* toolbar_icon_user.png in Resources */ = {isa = PBXBuildFile; fileRef = 2567B85A17BFAE4A00C09C51 /* toolbar_icon_user.png */; };
		2567B85F17BFBFBB00C09C51 /* toolbar_icon_user_pressed.png in Resources */ = {isa = PBXBuildFile; fileRef = 2567B85E17BFBFBB00C09C51 /* toolbar_icon_user_pressed.png */; };
		2567B86517BFDB0200C09C51 /* NSImage+RHImageRepresentationAdditions.m in Sources */ = {isa = PBXBuildFile; fileRef = 2567B86217BFDB0200C09C51 /* NSImage+RHImageRepresentationAdditions.m */; };
		2567B86617BFDB0200C09C51 /* NSImage+RHResizableImageAdditions.m in Sources */ = {isa = PBXBuildFile; fileRef = 2567B86417BFDB0200C09C51 /* NSImage+RHResizableImageAdditions.m */; };
		2567B86D17BFF84E00C09C51 /* KBTextField.m in Sources */ = {isa = PBXBuildFile; fileRef = 2567B86A17BFF84E00C09C51 /* KBTextField.m */; };
		2567B86E17BFF84E00C09C51 /* KBTextFieldCell.m in Sources */ = {isa = PBXBuildFile; fileRef = 2567B86C17BFF84E00C09C51 /* KBTextFieldCell.m */; };
		2567B87117BFF93900C09C51 /* KBSecureTextField.m in Sources */ = {isa = PBXBuildFile; fileRef = 2567B87017BFF93900C09C51 /* KBSecureTextField.m */; };
		2567B87417BFF9F500C09C51 /* KBSecureTextFieldCell.m in Sources */ = {isa = PBXBuildFile; fileRef = 2567B87317BFF9F500C09C51 /* KBSecureTextFieldCell.m */; };
		2567B87617C0034500C09C51 /* WindowTitle.png in Resources */ = {isa = PBXBuildFile; fileRef = 2567B87517C0034500C09C51 /* WindowTitle.png */; };
		474D3C3717BBCD7F0034A0E2 /* InfoPlist.strings in Resources */ = {isa = PBXBuildFile; fileRef = 474D3C3517BBCD7F0034A0E2 /* InfoPlist.strings */; };
		474D3C3917BBCD7F0034A0E2 /* main.m in Sources */ = {isa = PBXBuildFile; fileRef = 474D3C3817BBCD7F0034A0E2 /* main.m */; };
		474D3C3D17BBCD7F0034A0E2 /* Credits.rtf in Resources */ = {isa = PBXBuildFile; fileRef = 474D3C3B17BBCD7F0034A0E2 /* Credits.rtf */; };
		474D3C4017BBCD7F0034A0E2 /* AppDelegate.m in Sources */ = {isa = PBXBuildFile; fileRef = 474D3C3F17BBCD7F0034A0E2 /* AppDelegate.m */; };
		474D3C4317BBCD7F0034A0E2 /* MainMenu.xib in Resources */ = {isa = PBXBuildFile; fileRef = 474D3C4117BBCD7F0034A0E2 /* MainMenu.xib */; };
		474D3C4617BBCD7F0034A0E2 /* InMac_Chat.xcdatamodeld in Sources */ = {isa = PBXBuildFile; fileRef = 474D3C4417BBCD7F0034A0E2 /* InMac_Chat.xcdatamodeld */; };
		47EE6AA117BCE9860030A125 /* LoginWindow.m in Sources */ = {isa = PBXBuildFile; fileRef = 47EE6AA017BCE9860030A125 /* LoginWindow.m */; };
		47EE6AA417BCE9B80030A125 /* Login.m in Sources */ = {isa = PBXBuildFile; fileRef = 47EE6AA317BCE9B80030A125 /* Login.m */; };
		47EE6AA717BCF9710030A125 /* ChatWindow.m in Sources */ = {isa = PBXBuildFile; fileRef = 47EE6AA617BCF9710030A125 /* ChatWindow.m */; };
		47EE6AAA17BCF97C0030A125 /* Chat.m in Sources */ = {isa = PBXBuildFile; fileRef = 47EE6AA917BCF97C0030A125 /* Chat.m */; };
		47EE6AB217BD15A10030A125 /* ChatMessageCell.m in Sources */ = {isa = PBXBuildFile; fileRef = 47EE6AB117BD15A10030A125 /* ChatMessageCell.m */; };
		47EE6AC917BD25D20030A125 /* NSString+Magic.m in Sources */ = {isa = PBXBuildFile; fileRef = 47EE6AC817BD25D20030A125 /* NSString+Magic.m */; };
		47EE6ACF17BD585B0030A125 /* SettingsWindow.m in Sources */ = {isa = PBXBuildFile; fileRef = 47EE6ACE17BD585B0030A125 /* SettingsWindow.m */; };
		47EE6ADA17BD76E00030A125 /* HTMLNode.m in Sources */ = {isa = PBXBuildFile; fileRef = 47EE6AD717BD76E00030A125 /* HTMLNode.m */; settings = {COMPILER_FLAGS = "-fno-objc-arc"; }; };
		47EE6ADB17BD76E00030A125 /* HTMLParser.m in Sources */ = {isa = PBXBuildFile; fileRef = 47EE6AD917BD76E00030A125 /* HTMLParser.m */; settings = {COMPILER_FLAGS = "-fno-objc-arc"; }; };
		47EE6ADD17BD77B70030A125 /* libxml2.2.dylib in Frameworks */ = {isa = PBXBuildFile; fileRef = 47EE6ADC17BD77B70030A125 /* libxml2.2.dylib */; };
		47EE6AE417BD97E60030A125 /* NSString+HTML.m in Sources */ = {isa = PBXBuildFile; fileRef = 47EE6AE317BD97E60030A125 /* NSString+HTML.m */; settings = {COMPILER_FLAGS = "-fno-objc-arc"; }; };
		47EE6AE717BD98360030A125 /* GTMNSString+HTML.m in Sources */ = {isa = PBXBuildFile; fileRef = 47EE6AE617BD98360030A125 /* GTMNSString+HTML.m */; settings = {COMPILER_FLAGS = "-fno-objc-arc"; }; };
		47EE6B1317BE02D90030A125 /* new_message.aiff in Resources */ = {isa = PBXBuildFile; fileRef = 47EE6B1117BE02D80030A125 /* new_message.aiff */; };
		47EE6B1417BE02D90030A125 /* sent_message.aiff in Resources */ = {isa = PBXBuildFile; fileRef = 47EE6B1217BE02D90030A125 /* sent_message.aiff */; };
		47EE6B1717BE13620030A125 /* EntityMessages.m in Sources */ = {isa = PBXBuildFile; fileRef = 47EE6B1617BE13620030A125 /* EntityMessages.m */; };
		47EE6B1D17BE1BCF0030A125 /* TempContext.m in Sources */ = {isa = PBXBuildFile; fileRef = 47EE6B1C17BE1BCF0030A125 /* TempContext.m */; };
		47EE6B4B17BE39C90030A125 /* base64.c in Sources */ = {isa = PBXBuildFile; fileRef = 47EE6B4417BE39C90030A125 /* base64.c */; };
		47EE6B4C17BE39C90030A125 /* NSData+SRB64Additions.m in Sources */ = {isa = PBXBuildFile; fileRef = 47EE6B4717BE39C90030A125 /* NSData+SRB64Additions.m */; };
		47EE6B4D17BE39C90030A125 /* SRWebSocket.m in Sources */ = {isa = PBXBuildFile; fileRef = 47EE6B4A17BE39C90030A125 /* SRWebSocket.m */; };
		47EE6B5017BE3A670030A125 /* libicucore.dylib in Frameworks */ = {isa = PBXBuildFile; fileRef = 47EE6B4F17BE3A670030A125 /* libicucore.dylib */; };
		47EE6B5217BE3A750030A125 /* CFNetwork.framework in Frameworks */ = {isa = PBXBuildFile; fileRef = 47EE6B5117BE3A750030A125 /* CFNetwork.framework */; };
		47EE6B5417BE3A7F0030A125 /* Security.framework in Frameworks */ = {isa = PBXBuildFile; fileRef = 47EE6B5317BE3A7F0030A125 /* Security.framework */; };
		47EE6B6517BE3C5E0030A125 /* Cocoa.framework in Frameworks */ = {isa = PBXBuildFile; fileRef = 474D3C2C17BBCD7F0034A0E2 /* Cocoa.framework */; };
		47EE6B6C17BE64AB0030A125 /* icon_128x128.png in Resources */ = {isa = PBXBuildFile; fileRef = 47EE6B6A17BE64AB0030A125 /* icon_128x128.png */; };
		47EE6B6D17BE64AB0030A125 /* icon_128x128@2x.png in Resources */ = {isa = PBXBuildFile; fileRef = 47EE6B6B17BE64AB0030A125 /* icon_128x128@2x.png */; };
		47EE6B6F17BE654C0030A125 /* icon.icns in Resources */ = {isa = PBXBuildFile; fileRef = 47EE6B6E17BE654C0030A125 /* icon.icns */; };
		47EE6B7317BE98950030A125 /* radio.png in Resources */ = {isa = PBXBuildFile; fileRef = 47EE6B7217BE98950030A125 /* radio.png */; };
		47EE6B8217BEA6470030A125 /* CoreAudio.framework in Frameworks */ = {isa = PBXBuildFile; fileRef = 47EE6B8117BEA6470030A125 /* CoreAudio.framework */; };
		47EE6B8417BEA64C0030A125 /* CoreAudioKit.framework in Frameworks */ = {isa = PBXBuildFile; fileRef = 47EE6B8317BEA64C0030A125 /* CoreAudioKit.framework */; };
		47EE6B8617BEA6520030A125 /* AudioToolbox.framework in Frameworks */ = {isa = PBXBuildFile; fileRef = 47EE6B8517BEA6510030A125 /* AudioToolbox.framework */; };
		47EE6B8B17BEA6A90030A125 /* NSObject+SPInvocationGrabbing.m in Sources */ = {isa = PBXBuildFile; fileRef = 47EE6B8A17BEA6A90030A125 /* NSObject+SPInvocationGrabbing.m */; settings = {COMPILER_FLAGS = "-fno-objc-arc"; }; };
		47EE6B8E17BEA6B20030A125 /* SPMediaKeyTap.m in Sources */ = {isa = PBXBuildFile; fileRef = 47EE6B8D17BEA6B20030A125 /* SPMediaKeyTap.m */; settings = {COMPILER_FLAGS = "-fno-objc-arc"; }; };
		47EE6B9317BEA7A90030A125 /* Carbon.framework in Frameworks */ = {isa = PBXBuildFile; fileRef = 47EE6B9217BEA7A90030A125 /* Carbon.framework */; };
		47EE6B9517BEA7AE0030A125 /* AVFoundation.framework in Frameworks */ = {isa = PBXBuildFile; fileRef = 47EE6B9417BEA7AE0030A125 /* AVFoundation.framework */; };
		47EE6B9717BEA7B30030A125 /* QuartzCore.framework in Frameworks */ = {isa = PBXBuildFile; fileRef = 47EE6B9617BEA7B30030A125 /* QuartzCore.framework */; };
		47EE6B9C17BEC2450030A125 /* MacStreamingPlayerController.m in Sources */ = {isa = PBXBuildFile; fileRef = 47EE6B9817BEC2450030A125 /* MacStreamingPlayerController.m */; settings = {COMPILER_FLAGS = "-fno-objc-arc"; }; };
		47EE6B9D17BEC2450030A125 /* AudioStreamer.m in Sources */ = {isa = PBXBuildFile; fileRef = 47EE6B9B17BEC2450030A125 /* AudioStreamer.m */; settings = {COMPILER_FLAGS = "-fno-objc-arc"; }; };
		47EE6BA017BECDF80030A125 /* NewsWindow.m in Sources */ = {isa = PBXBuildFile; fileRef = 47EE6B9F17BECDF70030A125 /* NewsWindow.m */; };
/* End PBXBuildFile section */

/* Begin PBXFileReference section */
		2567B85417BEDC6000C09C51 /* INAppStoreWindow.h */ = {isa = PBXFileReference; fileEncoding = 4; lastKnownFileType = sourcecode.c.h; path = INAppStoreWindow.h; sourceTree = "<group>"; };
		2567B85517BEDC6000C09C51 /* INAppStoreWindow.m */ = {isa = PBXFileReference; fileEncoding = 4; lastKnownFileType = sourcecode.c.objc; path = INAppStoreWindow.m; sourceTree = "<group>"; };
		2567B85717BEDCBB00C09C51 /* INWindowButton.h */ = {isa = PBXFileReference; fileEncoding = 4; lastKnownFileType = sourcecode.c.h; path = INWindowButton.h; sourceTree = "<group>"; };
		2567B85817BEDCBB00C09C51 /* INWindowButton.m */ = {isa = PBXFileReference; fileEncoding = 4; lastKnownFileType = sourcecode.c.objc; path = INWindowButton.m; sourceTree = "<group>"; };
		2567B85A17BFAE4A00C09C51 /* toolbar_icon_user.png */ = {isa = PBXFileReference; lastKnownFileType = image.png; path = toolbar_icon_user.png; sourceTree = "<group>"; };
		2567B85E17BFBFBB00C09C51 /* toolbar_icon_user_pressed.png */ = {isa = PBXFileReference; lastKnownFileType = image.png; path = toolbar_icon_user_pressed.png; sourceTree = "<group>"; };
		2567B86117BFDB0200C09C51 /* NSImage+RHImageRepresentationAdditions.h */ = {isa = PBXFileReference; fileEncoding = 4; lastKnownFileType = sourcecode.c.h; path = "NSImage+RHImageRepresentationAdditions.h"; sourceTree = "<group>"; };
		2567B86217BFDB0200C09C51 /* NSImage+RHImageRepresentationAdditions.m */ = {isa = PBXFileReference; fileEncoding = 4; lastKnownFileType = sourcecode.c.objc; path = "NSImage+RHImageRepresentationAdditions.m"; sourceTree = "<group>"; };
		2567B86317BFDB0200C09C51 /* NSImage+RHResizableImageAdditions.h */ = {isa = PBXFileReference; fileEncoding = 4; lastKnownFileType = sourcecode.c.h; path = "NSImage+RHResizableImageAdditions.h"; sourceTree = "<group>"; };
		2567B86417BFDB0200C09C51 /* NSImage+RHResizableImageAdditions.m */ = {isa = PBXFileReference; fileEncoding = 4; lastKnownFileType = sourcecode.c.objc; path = "NSImage+RHResizableImageAdditions.m"; sourceTree = "<group>"; };
		2567B86717BFDB2300C09C51 /* RHARCSupport.h */ = {isa = PBXFileReference; fileEncoding = 4; lastKnownFileType = sourcecode.c.h; path = RHARCSupport.h; sourceTree = "<group>"; };
		2567B86917BFF84E00C09C51 /* KBTextField.h */ = {isa = PBXFileReference; fileEncoding = 4; lastKnownFileType = sourcecode.c.h; path = KBTextField.h; sourceTree = "<group>"; };
		2567B86A17BFF84E00C09C51 /* KBTextField.m */ = {isa = PBXFileReference; fileEncoding = 4; lastKnownFileType = sourcecode.c.objc; path = KBTextField.m; sourceTree = "<group>"; };
		2567B86B17BFF84E00C09C51 /* KBTextFieldCell.h */ = {isa = PBXFileReference; fileEncoding = 4; lastKnownFileType = sourcecode.c.h; path = KBTextFieldCell.h; sourceTree = "<group>"; };
		2567B86C17BFF84E00C09C51 /* KBTextFieldCell.m */ = {isa = PBXFileReference; fileEncoding = 4; lastKnownFileType = sourcecode.c.objc; path = KBTextFieldCell.m; sourceTree = "<group>"; };
		2567B86F17BFF93900C09C51 /* KBSecureTextField.h */ = {isa = PBXFileReference; fileEncoding = 4; lastKnownFileType = sourcecode.c.h; path = KBSecureTextField.h; sourceTree = "<group>"; };
		2567B87017BFF93900C09C51 /* KBSecureTextField.m */ = {isa = PBXFileReference; fileEncoding = 4; lastKnownFileType = sourcecode.c.objc; path = KBSecureTextField.m; sourceTree = "<group>"; };
		2567B87217BFF9F500C09C51 /* KBSecureTextFieldCell.h */ = {isa = PBXFileReference; fileEncoding = 4; lastKnownFileType = sourcecode.c.h; path = KBSecureTextFieldCell.h; sourceTree = "<group>"; };
		2567B87317BFF9F500C09C51 /* KBSecureTextFieldCell.m */ = {isa = PBXFileReference; fileEncoding = 4; lastKnownFileType = sourcecode.c.objc; path = KBSecureTextFieldCell.m; sourceTree = "<group>"; };
		2567B87517C0034500C09C51 /* WindowTitle.png */ = {isa = PBXFileReference; lastKnownFileType = image.png; path = WindowTitle.png; sourceTree = "<group>"; };
		474D3C2917BBCD7F0034A0E2 /* InMac Chat.app */ = {isa = PBXFileReference; explicitFileType = wrapper.application; includeInIndex = 0; path = "InMac Chat.app"; sourceTree = BUILT_PRODUCTS_DIR; };
		474D3C2C17BBCD7F0034A0E2 /* Cocoa.framework */ = {isa = PBXFileReference; lastKnownFileType = wrapper.framework; name = Cocoa.framework; path = System/Library/Frameworks/Cocoa.framework; sourceTree = SDKROOT; };
		474D3C2F17BBCD7F0034A0E2 /* AppKit.framework */ = {isa = PBXFileReference; lastKnownFileType = wrapper.framework; name = AppKit.framework; path = System/Library/Frameworks/AppKit.framework; sourceTree = SDKROOT; };
		474D3C3017BBCD7F0034A0E2 /* CoreData.framework */ = {isa = PBXFileReference; lastKnownFileType = wrapper.framework; name = CoreData.framework; path = System/Library/Frameworks/CoreData.framework; sourceTree = SDKROOT; };
		474D3C3117BBCD7F0034A0E2 /* Foundation.framework */ = {isa = PBXFileReference; lastKnownFileType = wrapper.framework; name = Foundation.framework; path = System/Library/Frameworks/Foundation.framework; sourceTree = SDKROOT; };
		474D3C3417BBCD7F0034A0E2 /* InMac Chat-Info.plist */ = {isa = PBXFileReference; lastKnownFileType = text.plist.xml; path = "InMac Chat-Info.plist"; sourceTree = "<group>"; };
		474D3C3617BBCD7F0034A0E2 /* en */ = {isa = PBXFileReference; lastKnownFileType = text.plist.strings; name = en; path = en.lproj/InfoPlist.strings; sourceTree = "<group>"; };
		474D3C3817BBCD7F0034A0E2 /* main.m */ = {isa = PBXFileReference; lastKnownFileType = sourcecode.c.objc; path = main.m; sourceTree = "<group>"; };
		474D3C3A17BBCD7F0034A0E2 /* InMac Chat-Prefix.pch */ = {isa = PBXFileReference; lastKnownFileType = sourcecode.c.h; path = "InMac Chat-Prefix.pch"; sourceTree = "<group>"; };
		474D3C3C17BBCD7F0034A0E2 /* en */ = {isa = PBXFileReference; lastKnownFileType = text.rtf; name = en; path = en.lproj/Credits.rtf; sourceTree = "<group>"; };
		474D3C3E17BBCD7F0034A0E2 /* AppDelegate.h */ = {isa = PBXFileReference; lastKnownFileType = sourcecode.c.h; path = AppDelegate.h; sourceTree = "<group>"; };
		474D3C3F17BBCD7F0034A0E2 /* AppDelegate.m */ = {isa = PBXFileReference; lastKnownFileType = sourcecode.c.objc; path = AppDelegate.m; sourceTree = "<group>"; };
		474D3C4217BBCD7F0034A0E2 /* en */ = {isa = PBXFileReference; lastKnownFileType = file.xib; name = en; path = en.lproj/MainMenu.xib; sourceTree = "<group>"; };
		474D3C4517BBCD7F0034A0E2 /* InMac_Chat.xcdatamodel */ = {isa = PBXFileReference; lastKnownFileType = wrapper.xcdatamodel; path = InMac_Chat.xcdatamodel; sourceTree = "<group>"; };
		47EE6A9F17BCE9860030A125 /* LoginWindow.h */ = {isa = PBXFileReference; fileEncoding = 4; lastKnownFileType = sourcecode.c.h; path = LoginWindow.h; sourceTree = "<group>"; };
		47EE6AA017BCE9860030A125 /* LoginWindow.m */ = {isa = PBXFileReference; fileEncoding = 4; lastKnownFileType = sourcecode.c.objc; path = LoginWindow.m; sourceTree = "<group>"; };
		47EE6AA217BCE9B80030A125 /* Login.h */ = {isa = PBXFileReference; fileEncoding = 4; lastKnownFileType = sourcecode.c.h; path = Login.h; sourceTree = "<group>"; };
		47EE6AA317BCE9B80030A125 /* Login.m */ = {isa = PBXFileReference; fileEncoding = 4; lastKnownFileType = sourcecode.c.objc; path = Login.m; sourceTree = "<group>"; };
		47EE6AA517BCF9710030A125 /* ChatWindow.h */ = {isa = PBXFileReference; fileEncoding = 4; lastKnownFileType = sourcecode.c.h; path = ChatWindow.h; sourceTree = "<group>"; };
		47EE6AA617BCF9710030A125 /* ChatWindow.m */ = {isa = PBXFileReference; fileEncoding = 4; lastKnownFileType = sourcecode.c.objc; path = ChatWindow.m; sourceTree = "<group>"; };
		47EE6AA817BCF97C0030A125 /* Chat.h */ = {isa = PBXFileReference; fileEncoding = 4; lastKnownFileType = sourcecode.c.h; path = Chat.h; sourceTree = "<group>"; };
		47EE6AA917BCF97C0030A125 /* Chat.m */ = {isa = PBXFileReference; fileEncoding = 4; lastKnownFileType = sourcecode.c.objc; path = Chat.m; sourceTree = "<group>"; };
		47EE6AB017BD15A10030A125 /* ChatMessageCell.h */ = {isa = PBXFileReference; fileEncoding = 4; lastKnownFileType = sourcecode.c.h; path = ChatMessageCell.h; sourceTree = "<group>"; };
		47EE6AB117BD15A10030A125 /* ChatMessageCell.m */ = {isa = PBXFileReference; fileEncoding = 4; lastKnownFileType = sourcecode.c.objc; path = ChatMessageCell.m; sourceTree = "<group>"; };
		47EE6AC717BD25D20030A125 /* NSString+Magic.h */ = {isa = PBXFileReference; fileEncoding = 4; lastKnownFileType = sourcecode.c.h; path = "NSString+Magic.h"; sourceTree = "<group>"; };
		47EE6AC817BD25D20030A125 /* NSString+Magic.m */ = {isa = PBXFileReference; fileEncoding = 4; lastKnownFileType = sourcecode.c.objc; path = "NSString+Magic.m"; sourceTree = "<group>"; };
		47EE6ACD17BD585B0030A125 /* SettingsWindow.h */ = {isa = PBXFileReference; fileEncoding = 4; lastKnownFileType = sourcecode.c.h; path = SettingsWindow.h; sourceTree = "<group>"; };
		47EE6ACE17BD585B0030A125 /* SettingsWindow.m */ = {isa = PBXFileReference; fileEncoding = 4; lastKnownFileType = sourcecode.c.objc; path = SettingsWindow.m; sourceTree = "<group>"; };
		47EE6AD617BD76E00030A125 /* HTMLNode.h */ = {isa = PBXFileReference; fileEncoding = 4; lastKnownFileType = sourcecode.c.h; path = HTMLNode.h; sourceTree = "<group>"; };
		47EE6AD717BD76E00030A125 /* HTMLNode.m */ = {isa = PBXFileReference; fileEncoding = 4; lastKnownFileType = sourcecode.c.objc; path = HTMLNode.m; sourceTree = "<group>"; };
		47EE6AD817BD76E00030A125 /* HTMLParser.h */ = {isa = PBXFileReference; fileEncoding = 4; lastKnownFileType = sourcecode.c.h; path = HTMLParser.h; sourceTree = "<group>"; };
		47EE6AD917BD76E00030A125 /* HTMLParser.m */ = {isa = PBXFileReference; fileEncoding = 4; lastKnownFileType = sourcecode.c.objc; path = HTMLParser.m; sourceTree = "<group>"; };
		47EE6ADC17BD77B70030A125 /* libxml2.2.dylib */ = {isa = PBXFileReference; lastKnownFileType = "compiled.mach-o.dylib"; name = libxml2.2.dylib; path = usr/lib/libxml2.2.dylib; sourceTree = SDKROOT; };
		47EE6AE217BD97E60030A125 /* NSString+HTML.h */ = {isa = PBXFileReference; fileEncoding = 4; lastKnownFileType = sourcecode.c.h; path = "NSString+HTML.h"; sourceTree = "<group>"; };
		47EE6AE317BD97E60030A125 /* NSString+HTML.m */ = {isa = PBXFileReference; fileEncoding = 4; lastKnownFileType = sourcecode.c.objc; path = "NSString+HTML.m"; sourceTree = "<group>"; };
		47EE6AE517BD98360030A125 /* GTMNSString+HTML.h */ = {isa = PBXFileReference; fileEncoding = 4; lastKnownFileType = sourcecode.c.h; path = "GTMNSString+HTML.h"; sourceTree = "<group>"; };
		47EE6AE617BD98360030A125 /* GTMNSString+HTML.m */ = {isa = PBXFileReference; fileEncoding = 4; lastKnownFileType = sourcecode.c.objc; path = "GTMNSString+HTML.m"; sourceTree = "<group>"; };
		47EE6B1117BE02D80030A125 /* new_message.aiff */ = {isa = PBXFileReference; lastKnownFileType = audio.aiff; path = new_message.aiff; sourceTree = "<group>"; };
		47EE6B1217BE02D90030A125 /* sent_message.aiff */ = {isa = PBXFileReference; lastKnownFileType = audio.aiff; path = sent_message.aiff; sourceTree = "<group>"; };
		47EE6B1517BE13620030A125 /* EntityMessages.h */ = {isa = PBXFileReference; fileEncoding = 4; lastKnownFileType = sourcecode.c.h; path = EntityMessages.h; sourceTree = "<group>"; };
		47EE6B1617BE13620030A125 /* EntityMessages.m */ = {isa = PBXFileReference; fileEncoding = 4; lastKnownFileType = sourcecode.c.objc; path = EntityMessages.m; sourceTree = "<group>"; };
		47EE6B1B17BE1BCF0030A125 /* TempContext.h */ = {isa = PBXFileReference; fileEncoding = 4; lastKnownFileType = sourcecode.c.h; path = TempContext.h; sourceTree = "<group>"; };
		47EE6B1C17BE1BCF0030A125 /* TempContext.m */ = {isa = PBXFileReference; fileEncoding = 4; lastKnownFileType = sourcecode.c.objc; path = TempContext.m; sourceTree = "<group>"; };
		47EE6B4417BE39C90030A125 /* base64.c */ = {isa = PBXFileReference; fileEncoding = 4; lastKnownFileType = sourcecode.c.c; path = base64.c; sourceTree = "<group>"; };
		47EE6B4517BE39C90030A125 /* base64.h */ = {isa = PBXFileReference; fileEncoding = 4; lastKnownFileType = sourcecode.c.h; path = base64.h; sourceTree = "<group>"; };
		47EE6B4617BE39C90030A125 /* NSData+SRB64Additions.h */ = {isa = PBXFileReference; fileEncoding = 4; lastKnownFileType = sourcecode.c.h; path = "NSData+SRB64Additions.h"; sourceTree = "<group>"; };
		47EE6B4717BE39C90030A125 /* NSData+SRB64Additions.m */ = {isa = PBXFileReference; fileEncoding = 4; lastKnownFileType = sourcecode.c.objc; path = "NSData+SRB64Additions.m"; sourceTree = "<group>"; };
		47EE6B4817BE39C90030A125 /* SocketRocket-Prefix.pch */ = {isa = PBXFileReference; fileEncoding = 4; lastKnownFileType = sourcecode.c.h; path = "SocketRocket-Prefix.pch"; sourceTree = "<group>"; };
		47EE6B4917BE39C90030A125 /* SRWebSocket.h */ = {isa = PBXFileReference; fileEncoding = 4; lastKnownFileType = sourcecode.c.h; path = SRWebSocket.h; sourceTree = "<group>"; };
		47EE6B4A17BE39C90030A125 /* SRWebSocket.m */ = {isa = PBXFileReference; fileEncoding = 4; lastKnownFileType = sourcecode.c.objc; path = SRWebSocket.m; sourceTree = "<group>"; };
		47EE6B4F17BE3A670030A125 /* libicucore.dylib */ = {isa = PBXFileReference; lastKnownFileType = "compiled.mach-o.dylib"; name = libicucore.dylib; path = usr/lib/libicucore.dylib; sourceTree = SDKROOT; };
		47EE6B5117BE3A750030A125 /* CFNetwork.framework */ = {isa = PBXFileReference; lastKnownFileType = wrapper.framework; name = CFNetwork.framework; path = System/Library/Frameworks/CFNetwork.framework; sourceTree = SDKROOT; };
		47EE6B5317BE3A7F0030A125 /* Security.framework */ = {isa = PBXFileReference; lastKnownFileType = wrapper.framework; name = Security.framework; path = System/Library/Frameworks/Security.framework; sourceTree = SDKROOT; };
		47EE6B6717BE522E0030A125 /* InMac_Chat 2.xcdatamodel */ = {isa = PBXFileReference; lastKnownFileType = wrapper.xcdatamodel; path = "InMac_Chat 2.xcdatamodel"; sourceTree = "<group>"; };
		47EE6B6A17BE64AB0030A125 /* icon_128x128.png */ = {isa = PBXFileReference; lastKnownFileType = image.png; path = icon_128x128.png; sourceTree = "<group>"; };
		47EE6B6B17BE64AB0030A125 /* icon_128x128@2x.png */ = {isa = PBXFileReference; lastKnownFileType = image.png; path = "icon_128x128@2x.png"; sourceTree = "<group>"; };
		47EE6B6E17BE654C0030A125 /* icon.icns */ = {isa = PBXFileReference; lastKnownFileType = image.icns; name = icon.icns; path = ../icon.icns; sourceTree = "<group>"; };
		47EE6B7217BE98950030A125 /* radio.png */ = {isa = PBXFileReference; lastKnownFileType = image.png; path = radio.png; sourceTree = "<group>"; };
		47EE6B8117BEA6470030A125 /* CoreAudio.framework */ = {isa = PBXFileReference; lastKnownFileType = wrapper.framework; name = CoreAudio.framework; path = System/Library/Frameworks/CoreAudio.framework; sourceTree = SDKROOT; };
		47EE6B8317BEA64C0030A125 /* CoreAudioKit.framework */ = {isa = PBXFileReference; lastKnownFileType = wrapper.framework; name = CoreAudioKit.framework; path = System/Library/Frameworks/CoreAudioKit.framework; sourceTree = SDKROOT; };
		47EE6B8517BEA6510030A125 /* AudioToolbox.framework */ = {isa = PBXFileReference; lastKnownFileType = wrapper.framework; name = AudioToolbox.framework; path = System/Library/Frameworks/AudioToolbox.framework; sourceTree = SDKROOT; };
		47EE6B8917BEA6A90030A125 /* NSObject+SPInvocationGrabbing.h */ = {isa = PBXFileReference; fileEncoding = 4; lastKnownFileType = sourcecode.c.h; path = "NSObject+SPInvocationGrabbing.h"; sourceTree = "<group>"; };
		47EE6B8A17BEA6A90030A125 /* NSObject+SPInvocationGrabbing.m */ = {isa = PBXFileReference; fileEncoding = 4; lastKnownFileType = sourcecode.c.objc; path = "NSObject+SPInvocationGrabbing.m"; sourceTree = "<group>"; };
		47EE6B8C17BEA6B20030A125 /* SPMediaKeyTap.h */ = {isa = PBXFileReference; fileEncoding = 4; lastKnownFileType = sourcecode.c.h; path = SPMediaKeyTap.h; sourceTree = "<group>"; };
		47EE6B8D17BEA6B20030A125 /* SPMediaKeyTap.m */ = {isa = PBXFileReference; fileEncoding = 4; lastKnownFileType = sourcecode.c.objc; path = SPMediaKeyTap.m; sourceTree = "<group>"; };
		47EE6B9217BEA7A90030A125 /* Carbon.framework */ = {isa = PBXFileReference; lastKnownFileType = wrapper.framework; name = Carbon.framework; path = System/Library/Frameworks/Carbon.framework; sourceTree = SDKROOT; };
		47EE6B9417BEA7AE0030A125 /* AVFoundation.framework */ = {isa = PBXFileReference; lastKnownFileType = wrapper.framework; name = AVFoundation.framework; path = System/Library/Frameworks/AVFoundation.framework; sourceTree = SDKROOT; };
		47EE6B9617BEA7B30030A125 /* QuartzCore.framework */ = {isa = PBXFileReference; lastKnownFileType = wrapper.framework; name = QuartzCore.framework; path = System/Library/Frameworks/QuartzCore.framework; sourceTree = SDKROOT; };
		47EE6B9817BEC2450030A125 /* MacStreamingPlayerController.m */ = {isa = PBXFileReference; fileEncoding = 4; lastKnownFileType = sourcecode.c.objc; path = MacStreamingPlayerController.m; sourceTree = "<group>"; };
		47EE6B9917BEC2450030A125 /* MacStreamingPlayerController.h */ = {isa = PBXFileReference; fileEncoding = 4; lastKnownFileType = sourcecode.c.h; path = MacStreamingPlayerController.h; sourceTree = "<group>"; };
		47EE6B9A17BEC2450030A125 /* AudioStreamer.h */ = {isa = PBXFileReference; fileEncoding = 4; lastKnownFileType = sourcecode.c.h; path = AudioStreamer.h; sourceTree = "<group>"; };
		47EE6B9B17BEC2450030A125 /* AudioStreamer.m */ = {isa = PBXFileReference; fileEncoding = 4; lastKnownFileType = sourcecode.c.objc; path = AudioStreamer.m; sourceTree = "<group>"; };
		47EE6B9E17BECDF70030A125 /* NewsWindow.h */ = {isa = PBXFileReference; fileEncoding = 4; lastKnownFileType = sourcecode.c.h; path = NewsWindow.h; sourceTree = "<group>"; };
		47EE6B9F17BECDF70030A125 /* NewsWindow.m */ = {isa = PBXFileReference; fileEncoding = 4; lastKnownFileType = sourcecode.c.objc; path = NewsWindow.m; sourceTree = "<group>"; };
/* End PBXFileReference section */

/* Begin PBXFrameworksBuildPhase section */
		474D3C2617BBCD7F0034A0E2 /* Frameworks */ = {
			isa = PBXFrameworksBuildPhase;
			buildActionMask = 2147483647;
			files = (
				47EE6B9717BEA7B30030A125 /* QuartzCore.framework in Frameworks */,
				47EE6B9517BEA7AE0030A125 /* AVFoundation.framework in Frameworks */,
				47EE6B9317BEA7A90030A125 /* Carbon.framework in Frameworks */,
				47EE6B8617BEA6520030A125 /* AudioToolbox.framework in Frameworks */,
				47EE6B8417BEA64C0030A125 /* CoreAudioKit.framework in Frameworks */,
				47EE6B8217BEA6470030A125 /* CoreAudio.framework in Frameworks */,
				47EE6B6517BE3C5E0030A125 /* Cocoa.framework in Frameworks */,
				47EE6B5417BE3A7F0030A125 /* Security.framework in Frameworks */,
				47EE6B5217BE3A750030A125 /* CFNetwork.framework in Frameworks */,
				47EE6B5017BE3A670030A125 /* libicucore.dylib in Frameworks */,
				47EE6ADD17BD77B70030A125 /* libxml2.2.dylib in Frameworks */,
			);
			runOnlyForDeploymentPostprocessing = 0;
		};
/* End PBXFrameworksBuildPhase section */

/* Begin PBXGroup section */
		2567B85317BEDC5000C09C51 /* InAppStoreWindow */ = {
			isa = PBXGroup;
			children = (
				2567B85717BEDCBB00C09C51 /* INWindowButton.h */,
				2567B85817BEDCBB00C09C51 /* INWindowButton.m */,
				2567B85417BEDC6000C09C51 /* INAppStoreWindow.h */,
				2567B85517BEDC6000C09C51 /* INAppStoreWindow.m */,
			);
			name = InAppStoreWindow;
			sourceTree = "<group>";
		};
		2567B86017BFDACA00C09C51 /* RHAdditions */ = {
			isa = PBXGroup;
			children = (
				2567B86717BFDB2300C09C51 /* RHARCSupport.h */,
				2567B86117BFDB0200C09C51 /* NSImage+RHImageRepresentationAdditions.h */,
				2567B86217BFDB0200C09C51 /* NSImage+RHImageRepresentationAdditions.m */,
				2567B86317BFDB0200C09C51 /* NSImage+RHResizableImageAdditions.h */,
				2567B86417BFDB0200C09C51 /* NSImage+RHResizableImageAdditions.m */,
			);
			name = RHAdditions;
			sourceTree = "<group>";
		};
		2567B86817BFF84E00C09C51 /* KBtextField */ = {
			isa = PBXGroup;
			children = (
				2567B86917BFF84E00C09C51 /* KBTextField.h */,
				2567B86A17BFF84E00C09C51 /* KBTextField.m */,
				2567B86B17BFF84E00C09C51 /* KBTextFieldCell.h */,
				2567B86C17BFF84E00C09C51 /* KBTextFieldCell.m */,
				2567B86F17BFF93900C09C51 /* KBSecureTextField.h */,
				2567B87017BFF93900C09C51 /* KBSecureTextField.m */,
				2567B87217BFF9F500C09C51 /* KBSecureTextFieldCell.h */,
				2567B87317BFF9F500C09C51 /* KBSecureTextFieldCell.m */,
			);
			path = KBtextField;
			sourceTree = "<group>";
		};
		474D3C2017BBCD7F0034A0E2 = {
			isa = PBXGroup;
			children = (
				474D3C3217BBCD7F0034A0E2 /* InMac Chat */,
				474D3C2B17BBCD7F0034A0E2 /* Frameworks */,
				474D3C2A17BBCD7F0034A0E2 /* Products */,
			);
			sourceTree = "<group>";
		};
		474D3C2A17BBCD7F0034A0E2 /* Products */ = {
			isa = PBXGroup;
			children = (
				474D3C2917BBCD7F0034A0E2 /* InMac Chat.app */,
			);
			name = Products;
			sourceTree = "<group>";
		};
		474D3C2B17BBCD7F0034A0E2 /* Frameworks */ = {
			isa = PBXGroup;
			children = (
				47EE6ADC17BD77B70030A125 /* libxml2.2.dylib */,
				47EE6B4F17BE3A670030A125 /* libicucore.dylib */,
				47EE6B9617BEA7B30030A125 /* QuartzCore.framework */,
				47EE6B9417BEA7AE0030A125 /* AVFoundation.framework */,
				47EE6B9217BEA7A90030A125 /* Carbon.framework */,
				47EE6B8517BEA6510030A125 /* AudioToolbox.framework */,
				47EE6B8317BEA64C0030A125 /* CoreAudioKit.framework */,
				47EE6B8117BEA6470030A125 /* CoreAudio.framework */,
				47EE6B5317BE3A7F0030A125 /* Security.framework */,
				47EE6B5117BE3A750030A125 /* CFNetwork.framework */,
				474D3C2F17BBCD7F0034A0E2 /* AppKit.framework */,
				474D3C3017BBCD7F0034A0E2 /* CoreData.framework */,
				474D3C3117BBCD7F0034A0E2 /* Foundation.framework */,
				474D3C2C17BBCD7F0034A0E2 /* Cocoa.framework */,
			);
			name = Frameworks;
			sourceTree = "<group>";
		};
		474D3C3217BBCD7F0034A0E2 /* InMac Chat */ = {
			isa = PBXGroup;
			children = (
				474D3C3E17BBCD7F0034A0E2 /* AppDelegate.h */,
				474D3C3F17BBCD7F0034A0E2 /* AppDelegate.m */,
				474D3C4117BBCD7F0034A0E2 /* MainMenu.xib */,
				47EE6AA217BCE9B80030A125 /* Login.h */,
				47EE6AA317BCE9B80030A125 /* Login.m */,
				47EE6A9F17BCE9860030A125 /* LoginWindow.h */,
				47EE6AA017BCE9860030A125 /* LoginWindow.m */,
				47EE6AA817BCF97C0030A125 /* Chat.h */,
				47EE6AA917BCF97C0030A125 /* Chat.m */,
				47EE6AA517BCF9710030A125 /* ChatWindow.h */,
				47EE6AA617BCF9710030A125 /* ChatWindow.m */,
				47EE6AB017BD15A10030A125 /* ChatMessageCell.h */,
				47EE6AB117BD15A10030A125 /* ChatMessageCell.m */,
				47EE6ACD17BD585B0030A125 /* SettingsWindow.h */,
				47EE6ACE17BD585B0030A125 /* SettingsWindow.m */,
				47EE6B9E17BECDF70030A125 /* NewsWindow.h */,
				47EE6B9F17BECDF70030A125 /* NewsWindow.m */,
				47EE6B1917BE13980030A125 /* Assets */,
				47EE6B1817BE137D0030A125 /* CoreData */,
				47EE6B1A17BE13BD0030A125 /* Includes */,
				474D3C3317BBCD7F0034A0E2 /* Supporting Files */,
			);
			path = "InMac Chat";
			sourceTree = "<group>";
		};
		474D3C3317BBCD7F0034A0E2 /* Supporting Files */ = {
			isa = PBXGroup;
			children = (
				474D3C3417BBCD7F0034A0E2 /* InMac Chat-Info.plist */,
				474D3C3517BBCD7F0034A0E2 /* InfoPlist.strings */,
				474D3C3817BBCD7F0034A0E2 /* main.m */,
				474D3C3A17BBCD7F0034A0E2 /* InMac Chat-Prefix.pch */,
				474D3C3B17BBCD7F0034A0E2 /* Credits.rtf */,
			);
			name = "Supporting Files";
			sourceTree = "<group>";
		};
		47EE6B1817BE137D0030A125 /* CoreData */ = {
			isa = PBXGroup;
			children = (
				474D3C4417BBCD7F0034A0E2 /* InMac_Chat.xcdatamodeld */,
				47EE6B1B17BE1BCF0030A125 /* TempContext.h */,
				47EE6B1C17BE1BCF0030A125 /* TempContext.m */,
				47EE6B1517BE13620030A125 /* EntityMessages.h */,
				47EE6B1617BE13620030A125 /* EntityMessages.m */,
			);
			name = CoreData;
			sourceTree = "<group>";
		};
		47EE6B1917BE13980030A125 /* Assets */ = {
			isa = PBXGroup;
			children = (
				2567B87517C0034500C09C51 /* WindowTitle.png */,
				2567B85E17BFBFBB00C09C51 /* toolbar_icon_user_pressed.png */,
				2567B85A17BFAE4A00C09C51 /* toolbar_icon_user.png */,
				47EE6B6A17BE64AB0030A125 /* icon_128x128.png */,
				47EE6B6B17BE64AB0030A125 /* icon_128x128@2x.png */,
				47EE6B6E17BE654C0030A125 /* icon.icns */,
				47EE6B1117BE02D80030A125 /* new_message.aiff */,
				47EE6B1217BE02D90030A125 /* sent_message.aiff */,
				47EE6B7217BE98950030A125 /* radio.png */,
			);
			name = Assets;
			sourceTree = "<group>";
		};
		47EE6B1A17BE13BD0030A125 /* Includes */ = {
			isa = PBXGroup;
			children = (
				2567B86817BFF84E00C09C51 /* KBtextField */,
				2567B86017BFDACA00C09C51 /* RHAdditions */,
				2567B85317BEDC5000C09C51 /* InAppStoreWindow */,
				47EE6B9917BEC2450030A125 /* MacStreamingPlayerController.h */,
				47EE6B9817BEC2450030A125 /* MacStreamingPlayerController.m */,
				47EE6B9A17BEC2450030A125 /* AudioStreamer.h */,
				47EE6B9B17BEC2450030A125 /* AudioStreamer.m */,
				47EE6B8717BEA6910030A125 /* SPKey */,
				47EE6B4317BE39C00030A125 /* SocketRocket */,
				47EE6AC717BD25D20030A125 /* NSString+Magic.h */,
				47EE6AC817BD25D20030A125 /* NSString+Magic.m */,
				47EE6AE217BD97E60030A125 /* NSString+HTML.h */,
				47EE6AE317BD97E60030A125 /* NSString+HTML.m */,
				47EE6AE517BD98360030A125 /* GTMNSString+HTML.h */,
				47EE6AE617BD98360030A125 /* GTMNSString+HTML.m */,
				47EE6AD617BD76E00030A125 /* HTMLNode.h */,
				47EE6AD717BD76E00030A125 /* HTMLNode.m */,
				47EE6AD817BD76E00030A125 /* HTMLParser.h */,
				47EE6AD917BD76E00030A125 /* HTMLParser.m */,
			);
			name = Includes;
			sourceTree = "<group>";
		};
		47EE6B4317BE39C00030A125 /* SocketRocket */ = {
			isa = PBXGroup;
			children = (
				47EE6B4417BE39C90030A125 /* base64.c */,
				47EE6B4517BE39C90030A125 /* base64.h */,
				47EE6B4617BE39C90030A125 /* NSData+SRB64Additions.h */,
				47EE6B4717BE39C90030A125 /* NSData+SRB64Additions.m */,
				47EE6B4817BE39C90030A125 /* SocketRocket-Prefix.pch */,
				47EE6B4917BE39C90030A125 /* SRWebSocket.h */,
				47EE6B4A17BE39C90030A125 /* SRWebSocket.m */,
			);
			name = SocketRocket;
			sourceTree = "<group>";
		};
		47EE6B8717BEA6910030A125 /* SPKey */ = {
			isa = PBXGroup;
			children = (
				47EE6B8817BEA69A0030A125 /* SPInvocationGrabbing */,
				47EE6B8C17BEA6B20030A125 /* SPMediaKeyTap.h */,
				47EE6B8D17BEA6B20030A125 /* SPMediaKeyTap.m */,
			);
			name = SPKey;
			sourceTree = "<group>";
		};
		47EE6B8817BEA69A0030A125 /* SPInvocationGrabbing */ = {
			isa = PBXGroup;
			children = (
				47EE6B8917BEA6A90030A125 /* NSObject+SPInvocationGrabbing.h */,
				47EE6B8A17BEA6A90030A125 /* NSObject+SPInvocationGrabbing.m */,
			);
			name = SPInvocationGrabbing;
			sourceTree = "<group>";
		};
/* End PBXGroup section */

/* Begin PBXNativeTarget section */
		474D3C2817BBCD7F0034A0E2 /* InMac Chat */ = {
			isa = PBXNativeTarget;
			buildConfigurationList = 474D3C4917BBCD7F0034A0E2 /* Build configuration list for PBXNativeTarget "InMac Chat" */;
			buildPhases = (
				474D3C2517BBCD7F0034A0E2 /* Sources */,
				474D3C2617BBCD7F0034A0E2 /* Frameworks */,
				474D3C2717BBCD7F0034A0E2 /* Resources */,
			);
			buildRules = (
			);
			dependencies = (
			);
			name = "InMac Chat";
			productName = "InMac Chat";
			productReference = 474D3C2917BBCD7F0034A0E2 /* InMac Chat.app */;
			productType = "com.apple.product-type.application";
		};
/* End PBXNativeTarget section */

/* Begin PBXProject section */
		474D3C2117BBCD7F0034A0E2 /* Project object */ = {
			isa = PBXProject;
			attributes = {
				LastUpgradeCheck = 0460;
				ORGANIZATIONNAME = "Mihael Isaev";
			};
			buildConfigurationList = 474D3C2417BBCD7F0034A0E2 /* Build configuration list for PBXProject "InMac Chat" */;
			compatibilityVersion = "Xcode 3.2";
			developmentRegion = English;
			hasScannedForEncodings = 0;
			knownRegions = (
				en,
			);
			mainGroup = 474D3C2017BBCD7F0034A0E2;
			productRefGroup = 474D3C2A17BBCD7F0034A0E2 /* Products */;
			projectDirPath = "";
			projectRoot = "";
			targets = (
				474D3C2817BBCD7F0034A0E2 /* InMac Chat */,
			);
		};
/* End PBXProject section */

/* Begin PBXResourcesBuildPhase section */
		474D3C2717BBCD7F0034A0E2 /* Resources */ = {
			isa = PBXResourcesBuildPhase;
			buildActionMask = 2147483647;
			files = (
				474D3C3717BBCD7F0034A0E2 /* InfoPlist.strings in Resources */,
				474D3C3D17BBCD7F0034A0E2 /* Credits.rtf in Resources */,
				474D3C4317BBCD7F0034A0E2 /* MainMenu.xib in Resources */,
				47EE6B1317BE02D90030A125 /* new_message.aiff in Resources */,
				47EE6B1417BE02D90030A125 /* sent_message.aiff in Resources */,
				47EE6B6C17BE64AB0030A125 /* icon_128x128.png in Resources */,
				47EE6B6D17BE64AB0030A125 /* icon_128x128@2x.png in Resources */,
				47EE6B6F17BE654C0030A125 /* icon.icns in Resources */,
				47EE6B7317BE98950030A125 /* radio.png in Resources */,
				2567B85B17BFAE4A00C09C51 /* toolbar_icon_user.png in Resources */,
				2567B85F17BFBFBB00C09C51 /* toolbar_icon_user_pressed.png in Resources */,
				2567B87617C0034500C09C51 /* WindowTitle.png in Resources */,
			);
			runOnlyForDeploymentPostprocessing = 0;
		};
/* End PBXResourcesBuildPhase section */

/* Begin PBXSourcesBuildPhase section */
		474D3C2517BBCD7F0034A0E2 /* Sources */ = {
			isa = PBXSourcesBuildPhase;
			buildActionMask = 2147483647;
			files = (
				474D3C3917BBCD7F0034A0E2 /* main.m in Sources */,
				474D3C4017BBCD7F0034A0E2 /* AppDelegate.m in Sources */,
				474D3C4617BBCD7F0034A0E2 /* InMac_Chat.xcdatamodeld in Sources */,
				47EE6AA117BCE9860030A125 /* LoginWindow.m in Sources */,
				47EE6AA417BCE9B80030A125 /* Login.m in Sources */,
				47EE6AA717BCF9710030A125 /* ChatWindow.m in Sources */,
				47EE6AAA17BCF97C0030A125 /* Chat.m in Sources */,
				47EE6AB217BD15A10030A125 /* ChatMessageCell.m in Sources */,
				47EE6AC917BD25D20030A125 /* NSString+Magic.m in Sources */,
				47EE6ACF17BD585B0030A125 /* SettingsWindow.m in Sources */,
				47EE6ADA17BD76E00030A125 /* HTMLNode.m in Sources */,
				47EE6ADB17BD76E00030A125 /* HTMLParser.m in Sources */,
				47EE6AE417BD97E60030A125 /* NSString+HTML.m in Sources */,
				47EE6AE717BD98360030A125 /* GTMNSString+HTML.m in Sources */,
				47EE6B1717BE13620030A125 /* EntityMessages.m in Sources */,
				47EE6B1D17BE1BCF0030A125 /* TempContext.m in Sources */,
				47EE6B4B17BE39C90030A125 /* base64.c in Sources */,
				47EE6B4C17BE39C90030A125 /* NSData+SRB64Additions.m in Sources */,
				47EE6B4D17BE39C90030A125 /* SRWebSocket.m in Sources */,
				47EE6B8B17BEA6A90030A125 /* NSObject+SPInvocationGrabbing.m in Sources */,
				47EE6B8E17BEA6B20030A125 /* SPMediaKeyTap.m in Sources */,
				47EE6B9C17BEC2450030A125 /* MacStreamingPlayerController.m in Sources */,
				47EE6B9D17BEC2450030A125 /* AudioStreamer.m in Sources */,
				47EE6BA017BECDF80030A125 /* NewsWindow.m in Sources */,
				2567B85617BEDC6000C09C51 /* INAppStoreWindow.m in Sources */,
				2567B85917BEDCBB00C09C51 /* INWindowButton.m in Sources */,
				2567B86517BFDB0200C09C51 /* NSImage+RHImageRepresentationAdditions.m in Sources */,
				2567B86617BFDB0200C09C51 /* NSImage+RHResizableImageAdditions.m in Sources */,
				2567B86D17BFF84E00C09C51 /* KBTextField.m in Sources */,
				2567B86E17BFF84E00C09C51 /* KBTextFieldCell.m in Sources */,
				2567B87117BFF93900C09C51 /* KBSecureTextField.m in Sources */,
				2567B87417BFF9F500C09C51 /* KBSecureTextFieldCell.m in Sources */,
			);
			runOnlyForDeploymentPostprocessing = 0;
		};
/* End PBXSourcesBuildPhase section */

/* Begin PBXVariantGroup section */
		474D3C3517BBCD7F0034A0E2 /* InfoPlist.strings */ = {
			isa = PBXVariantGroup;
			children = (
				474D3C3617BBCD7F0034A0E2 /* en */,
			);
			name = InfoPlist.strings;
			sourceTree = "<group>";
		};
		474D3C3B17BBCD7F0034A0E2 /* Credits.rtf */ = {
			isa = PBXVariantGroup;
			children = (
				474D3C3C17BBCD7F0034A0E2 /* en */,
			);
			name = Credits.rtf;
			sourceTree = "<group>";
		};
		474D3C4117BBCD7F0034A0E2 /* MainMenu.xib */ = {
			isa = PBXVariantGroup;
			children = (
				474D3C4217BBCD7F0034A0E2 /* en */,
			);
			name = MainMenu.xib;
			sourceTree = "<group>";
		};
/* End PBXVariantGroup section */

/* Begin XCBuildConfiguration section */
		474D3C4717BBCD7F0034A0E2 /* Debug */ = {
			isa = XCBuildConfiguration;
			buildSettings = {
				ALWAYS_SEARCH_USER_PATHS = NO;
				ARCHS = "$(ARCHS_STANDARD_64_BIT)";
				CLANG_CXX_LANGUAGE_STANDARD = "gnu++0x";
				CLANG_CXX_LIBRARY = "libc++";
				CLANG_ENABLE_OBJC_ARC = YES;
				CLANG_WARN_CONSTANT_CONVERSION = YES;
				CLANG_WARN_EMPTY_BODY = YES;
				CLANG_WARN_ENUM_CONVERSION = YES;
				CLANG_WARN_INT_CONVERSION = YES;
				CLANG_WARN__DUPLICATE_METHOD_MATCH = YES;
				COPY_PHASE_STRIP = NO;
				GCC_C_LANGUAGE_STANDARD = gnu99;
				GCC_DYNAMIC_NO_PIC = NO;
				GCC_ENABLE_OBJC_EXCEPTIONS = YES;
				GCC_OPTIMIZATION_LEVEL = 0;
				GCC_PREPROCESSOR_DEFINITIONS = (
					"DEBUG=1",
					"$(inherited)",
				);
				GCC_SYMBOLS_PRIVATE_EXTERN = NO;
				GCC_WARN_64_TO_32_BIT_CONVERSION = YES;
				GCC_WARN_ABOUT_RETURN_TYPE = YES;
				GCC_WARN_UNINITIALIZED_AUTOS = YES;
				GCC_WARN_UNUSED_VARIABLE = YES;
				MACOSX_DEPLOYMENT_TARGET = 10.8;
				ONLY_ACTIVE_ARCH = YES;
				SDKROOT = macosx;
			};
			name = Debug;
		};
		474D3C4817BBCD7F0034A0E2 /* Release */ = {
			isa = XCBuildConfiguration;
			buildSettings = {
				ALWAYS_SEARCH_USER_PATHS = NO;
				ARCHS = "$(ARCHS_STANDARD_64_BIT)";
				CLANG_CXX_LANGUAGE_STANDARD = "gnu++0x";
				CLANG_CXX_LIBRARY = "libc++";
				CLANG_ENABLE_OBJC_ARC = YES;
				CLANG_WARN_CONSTANT_CONVERSION = YES;
				CLANG_WARN_EMPTY_BODY = YES;
				CLANG_WARN_ENUM_CONVERSION = YES;
				CLANG_WARN_INT_CONVERSION = YES;
				CLANG_WARN__DUPLICATE_METHOD_MATCH = YES;
				COPY_PHASE_STRIP = YES;
				DEBUG_INFORMATION_FORMAT = "dwarf-with-dsym";
				GCC_C_LANGUAGE_STANDARD = gnu99;
				GCC_ENABLE_OBJC_EXCEPTIONS = YES;
				GCC_WARN_64_TO_32_BIT_CONVERSION = YES;
				GCC_WARN_ABOUT_RETURN_TYPE = YES;
				GCC_WARN_UNINITIALIZED_AUTOS = YES;
				GCC_WARN_UNUSED_VARIABLE = YES;
				MACOSX_DEPLOYMENT_TARGET = 10.8;
				SDKROOT = macosx;
			};
			name = Release;
		};
		474D3C4A17BBCD7F0034A0E2 /* Debug */ = {
			isa = XCBuildConfiguration;
			buildSettings = {
				ARCHS = "$(ARCHS_STANDARD_64_BIT)";
				COMBINE_HIDPI_IMAGES = YES;
				GCC_PRECOMPILE_PREFIX_HEADER = YES;
				GCC_PREFIX_HEADER = "InMac Chat/InMac Chat-Prefix.pch";
				HEADER_SEARCH_PATHS = /usr/include/libxml2;
				INFOPLIST_FILE = "InMac Chat/InMac Chat-Info.plist";
				MACOSX_DEPLOYMENT_TARGET = 10.8;
				OTHER_LDFLAGS = "-ObjC";
				PRODUCT_NAME = "$(TARGET_NAME)";
				SDKROOT = macosx10.8;
				WRAPPER_EXTENSION = app;
			};
			name = Debug;
		};
		474D3C4B17BBCD7F0034A0E2 /* Release */ = {
			isa = XCBuildConfiguration;
			buildSettings = {
				ARCHS = "$(ARCHS_STANDARD_64_BIT)";
				COMBINE_HIDPI_IMAGES = YES;
				GCC_PRECOMPILE_PREFIX_HEADER = YES;
				GCC_PREFIX_HEADER = "InMac Chat/InMac Chat-Prefix.pch";
				HEADER_SEARCH_PATHS = /usr/include/libxml2;
				INFOPLIST_FILE = "InMac Chat/InMac Chat-Info.plist";
				MACOSX_DEPLOYMENT_TARGET = 10.8;
				OTHER_LDFLAGS = "-ObjC";
				PRODUCT_NAME = "$(TARGET_NAME)";
				SDKROOT = macosx10.8;
				WRAPPER_EXTENSION = app;
			};
			name = Release;
		};
/* End XCBuildConfiguration section */

/* Begin XCConfigurationList section */
		474D3C2417BBCD7F0034A0E2 /* Build configuration list for PBXProject "InMac Chat" */ = {
			isa = XCConfigurationList;
			buildConfigurations = (
				474D3C4717BBCD7F0034A0E2 /* Debug */,
				474D3C4817BBCD7F0034A0E2 /* Release */,
			);
			defaultConfigurationIsVisible = 0;
			defaultConfigurationName = Release;
		};
		474D3C4917BBCD7F0034A0E2 /* Build configuration list for PBXNativeTarget "InMac Chat" */ = {
			isa = XCConfigurationList;
			buildConfigurations = (
				474D3C4A17BBCD7F0034A0E2 /* Debug */,
				474D3C4B17BBCD7F0034A0E2 /* Release */,
			);
			defaultConfigurationIsVisible = 0;
			defaultConfigurationName = Release;
		};
/* End XCConfigurationList section */

/* Begin XCVersionGroup section */
		474D3C4417BBCD7F0034A0E2 /* InMac_Chat.xcdatamodeld */ = {
			isa = XCVersionGroup;
			children = (
				47EE6B6717BE522E0030A125 /* InMac_Chat 2.xcdatamodel */,
				474D3C4517BBCD7F0034A0E2 /* InMac_Chat.xcdatamodel */,
			);
			currentVersion = 474D3C4517BBCD7F0034A0E2 /* InMac_Chat.xcdatamodel */;
			path = InMac_Chat.xcdatamodeld;
			sourceTree = "<group>";
			versionGroupType = wrapper.xcdatamodel;
		};
/* End XCVersionGroup section */
	};
	rootObject = 474D3C2117BBCD7F0034A0E2 /* Project object */;
}
